
Microsoft Visual Studio Solution File, Format Version 12.00
# Visual Studio 15
VisualStudioVersion = 15.0.27703.2035
MinimumVisualStudioVersion = 10.0.40219.1
Project("{FAE04EC0-301F-11D3-BF4B-00C04F79EFBC}") = "SerializationHW", "SerializationHW\SerializationHW.csproj", "{13E74083-ECD2-47B9-BF67-5C2B680BD443}"
EndProject
Global
	GlobalSection(SolutionConfigurationPlatforms) = preSolution
		Debug|Any CPU = Debug|Any CPU
		Release|Any CPU = Release|Any CPU
	EndGlobalSection
	GlobalSection(ProjectConfigurationPlatforms) = postSolution
		{13E74083-ECD2-47B9-BF67-5C2B680BD443}.Debug|Any CPU.ActiveCfg = Debug|Any CPU
		{13E74083-ECD2-47B9-BF67-5C2B680BD443}.Debug|Any CPU.Build.0 = Debug|Any CPU
		{13E74083-ECD2-47B9-BF67-5C2B680BD443}.Release|Any CPU.ActiveCfg = Release|Any CPU
		{13E74083-ECD2-47B9-BF67-5C2B680BD443}.Release|Any CPU.Build.0 = Release|Any CPU
	EndGlobalSection
	GlobalSection(SolutionProperties) = preSolution
		HideSolutionNode = FALSE
	EndGlobalSection
	GlobalSection(ExtensibilityGlobals) = postSolution
		SolutionGuid = {97100BF0-B0B7-481E-92DE-A822394D1D25}
	EndGlobalSection
EndGlobal
