
Microsoft Visual Studio Solution File, Format Version 12.00
# Visual Studio 15
VisualStudioVersion = 15.0.27703.2035
MinimumVisualStudioVersion = 10.0.40219.1
Project("{FAE04EC0-301F-11D3-BF4B-00C04F79EFBC}") = "CollectionsHW", "CollectionsHW\CollectionsHW.csproj", "{329DC058-6141-465B-A622-E3F70C85C0F8}"
EndProject
Global
	GlobalSection(SolutionConfigurationPlatforms) = preSolution
		Debug|Any CPU = Debug|Any CPU
		Release|Any CPU = Release|Any CPU
	EndGlobalSection
	GlobalSection(ProjectConfigurationPlatforms) = postSolution
		{329DC058-6141-465B-A622-E3F70C85C0F8}.Debug|Any CPU.ActiveCfg = Debug|Any CPU
		{329DC058-6141-465B-A622-E3F70C85C0F8}.Debug|Any CPU.Build.0 = Debug|Any CPU
		{329DC058-6141-465B-A622-E3F70C85C0F8}.Release|Any CPU.ActiveCfg = Release|Any CPU
		{329DC058-6141-465B-A622-E3F70C85C0F8}.Release|Any CPU.Build.0 = Release|Any CPU
	EndGlobalSection
	GlobalSection(SolutionProperties) = preSolution
		HideSolutionNode = FALSE
	EndGlobalSection
	GlobalSection(ExtensibilityGlobals) = postSolution
		SolutionGuid = {AD716B8E-AC1B-4EA3-9C95-266859D3A474}
	EndGlobalSection
EndGlobal
