
Microsoft Visual Studio Solution File, Format Version 12.00
# Visual Studio 15
VisualStudioVersion = 15.0.27703.2035
MinimumVisualStudioVersion = 10.0.40219.1
Project("{FAE04EC0-301F-11D3-BF4B-00C04F79EFBC}") = "namespaceHM", "namespaceHM\namespaceHM.csproj", "{B1CF3520-90F8-4B61-AB57-C4B0F402BFC7}"
EndProject
Project("{FAE04EC0-301F-11D3-BF4B-00C04F79EFBC}") = "ClassLibrary1", "ClassLibrary1\ClassLibrary1.csproj", "{5E560DF0-077C-4060-B5EC-12241B554093}"
EndProject
Global
	GlobalSection(SolutionConfigurationPlatforms) = preSolution
		Debug|Any CPU = Debug|Any CPU
		Release|Any CPU = Release|Any CPU
	EndGlobalSection
	GlobalSection(ProjectConfigurationPlatforms) = postSolution
		{B1CF3520-90F8-4B61-AB57-C4B0F402BFC7}.Debug|Any CPU.ActiveCfg = Debug|Any CPU
		{B1CF3520-90F8-4B61-AB57-C4B0F402BFC7}.Debug|Any CPU.Build.0 = Debug|Any CPU
		{B1CF3520-90F8-4B61-AB57-C4B0F402BFC7}.Release|Any CPU.ActiveCfg = Release|Any CPU
		{B1CF3520-90F8-4B61-AB57-C4B0F402BFC7}.Release|Any CPU.Build.0 = Release|Any CPU
		{5E560DF0-077C-4060-B5EC-12241B554093}.Debug|Any CPU.ActiveCfg = Debug|Any CPU
		{5E560DF0-077C-4060-B5EC-12241B554093}.Debug|Any CPU.Build.0 = Debug|Any CPU
		{5E560DF0-077C-4060-B5EC-12241B554093}.Release|Any CPU.ActiveCfg = Release|Any CPU
		{5E560DF0-077C-4060-B5EC-12241B554093}.Release|Any CPU.Build.0 = Release|Any CPU
	EndGlobalSection
	GlobalSection(SolutionProperties) = preSolution
		HideSolutionNode = FALSE
	EndGlobalSection
	GlobalSection(ExtensibilityGlobals) = postSolution
		SolutionGuid = {6012EFE1-06CF-4CA3-B8F8-3FD32084ABAF}
	EndGlobalSection
EndGlobal
