
Microsoft Visual Studio Solution File, Format Version 12.00
# Visual Studio 15
VisualStudioVersion = 15.0.27703.2035
MinimumVisualStudioVersion = 10.0.40219.1
Project("{FAE04EC0-301F-11D3-BF4B-00C04F79EFBC}") = "FileSystemHW", "FileSystemHW\FileSystemHW.csproj", "{5D6F9746-2A01-4DD3-A3C3-9327844D0698}"
EndProject
Global
	GlobalSection(SolutionConfigurationPlatforms) = preSolution
		Debug|Any CPU = Debug|Any CPU
		Release|Any CPU = Release|Any CPU
	EndGlobalSection
	GlobalSection(ProjectConfigurationPlatforms) = postSolution
		{5D6F9746-2A01-4DD3-A3C3-9327844D0698}.Debug|Any CPU.ActiveCfg = Debug|Any CPU
		{5D6F9746-2A01-4DD3-A3C3-9327844D0698}.Debug|Any CPU.Build.0 = Debug|Any CPU
		{5D6F9746-2A01-4DD3-A3C3-9327844D0698}.Release|Any CPU.ActiveCfg = Release|Any CPU
		{5D6F9746-2A01-4DD3-A3C3-9327844D0698}.Release|Any CPU.Build.0 = Release|Any CPU
	EndGlobalSection
	GlobalSection(SolutionProperties) = preSolution
		HideSolutionNode = FALSE
	EndGlobalSection
	GlobalSection(ExtensibilityGlobals) = postSolution
		SolutionGuid = {F684D320-C3C2-42AC-8449-D63B0DB087BD}
	EndGlobalSection
EndGlobal
