
Microsoft Visual Studio Solution File, Format Version 12.00
# Visual Studio 15
VisualStudioVersion = 15.0.27703.2042
MinimumVisualStudioVersion = 10.0.40219.1
Project("{FAE04EC0-301F-11D3-BF4B-00C04F79EFBC}") = "OperatorsOverloadHW", "OperatorsOverloadHW\OperatorsOverloadHW.csproj", "{C72F82FE-1579-40DA-945E-047CEB89AC9B}"
EndProject
Project("{FAE04EC0-301F-11D3-BF4B-00C04F79EFBC}") = "MyClassLib", "MyClassLib\MyClassLib.csproj", "{6D8D2716-098D-4199-BDE2-B2095ADE4B98}"
EndProject
Global
	GlobalSection(SolutionConfigurationPlatforms) = preSolution
		Debug|Any CPU = Debug|Any CPU
		Release|Any CPU = Release|Any CPU
	EndGlobalSection
	GlobalSection(ProjectConfigurationPlatforms) = postSolution
		{C72F82FE-1579-40DA-945E-047CEB89AC9B}.Debug|Any CPU.ActiveCfg = Debug|Any CPU
		{C72F82FE-1579-40DA-945E-047CEB89AC9B}.Debug|Any CPU.Build.0 = Debug|Any CPU
		{C72F82FE-1579-40DA-945E-047CEB89AC9B}.Release|Any CPU.ActiveCfg = Release|Any CPU
		{C72F82FE-1579-40DA-945E-047CEB89AC9B}.Release|Any CPU.Build.0 = Release|Any CPU
		{6D8D2716-098D-4199-BDE2-B2095ADE4B98}.Debug|Any CPU.ActiveCfg = Debug|Any CPU
		{6D8D2716-098D-4199-BDE2-B2095ADE4B98}.Debug|Any CPU.Build.0 = Debug|Any CPU
		{6D8D2716-098D-4199-BDE2-B2095ADE4B98}.Release|Any CPU.ActiveCfg = Release|Any CPU
		{6D8D2716-098D-4199-BDE2-B2095ADE4B98}.Release|Any CPU.Build.0 = Release|Any CPU
	EndGlobalSection
	GlobalSection(SolutionProperties) = preSolution
		HideSolutionNode = FALSE
	EndGlobalSection
	GlobalSection(ExtensibilityGlobals) = postSolution
		SolutionGuid = {B19DC8E8-0ED6-4011-AD37-26DCA69AC759}
	EndGlobalSection
EndGlobal
